{
  "name": "mypkg",
  "version": "4.0.2",
  "lockfileVersion": 1,
  "requires": true,
  "dependencies": {
    "@types/diff": {
      "version": "0.0.31",
      "resolved": "https://registry.npmjs.org/@types/diff/-/diff-0.0.31.tgz",
      "integrity": "sha1-ORlDcgoE9LopB5TqkMFQTBDTACU=",
      "dev": true
    },
    "diff": {
      "version": "3.0.1",
      "resolved": "https://registry.npmjs.org/diff/-/diff-3.0.1.tgz",
      "integrity": "sha1-pS2QzAiVaZS+AId7/5cRAGJYLDU="
    },
    "typescript": {
      "version": "2.1.1",
      "resolved": "https://registry.npmjs.org/typescript/-/typescript-2.1.1.tgz",
      "integrity": "sha1-QcK2RHL1KTMbIFXAQkhitEzljUI="
    }
  }
}
